// !$*UTF8*$!
{
	archiveVersion = 1;
	classes = {
	};
	objectVersion = 56;
	objects = {

/* Begin PBXBuildFile section */
		D12C27AC291AFFE800D47CB2 /* YouTubeiOSPlayerHelper in Frameworks */ = {isa = PBXBuildFile; productRef = D12C27AB291AFFE800D47CB2 /* YouTubeiOSPlayerHelper */; };
		D13E4601291AC6FB00CDA161 /* FirebasePerformance in Frameworks */ = {isa = PBXBuildFile; productRef = D13E4600291AC6FB00CDA161 /* FirebasePerformance */; };
		D17699692918720A00A0327A /* Cairo-VariableFont_wght.ttf in Resources */ = {isa = PBXBuildFile; fileRef = D17699682918720A00A0327A /* Cairo-VariableFont_wght.ttf */; };
		D1769972291883C400A0327A /* MovieManagerTests.swift in Sources */ = {isa = PBXBuildFile; fileRef = D1769971291883C400A0327A /* MovieManagerTests.swift */; };
		D1769979291883E600A0327A /* movies.json in Resources */ = {isa = PBXBuildFile; fileRef = D1769978291883E600A0327A /* movies.json */; };
		D176997B291883EA00A0327A /* FakeResponseData.swift in Sources */ = {isa = PBXBuildFile; fileRef = D176997A291883EA00A0327A /* FakeResponseData.swift */; };
		D176997D291883ED00A0327A /* URLSessionFake.swift in Sources */ = {isa = PBXBuildFile; fileRef = D176997C291883ED00A0327A /* URLSessionFake.swift */; };
		D176997F2918872800A0327A /* GoogleService-Info.plist in Resources */ = {isa = PBXBuildFile; fileRef = D176997E2918872800A0327A /* GoogleService-Info.plist */; };
		D184887829185EBD00ADDF96 /* AppDelegate.swift in Sources */ = {isa = PBXBuildFile; fileRef = D184887729185EBD00ADDF96 /* AppDelegate.swift */; };
		D184887A29185EBD00ADDF96 /* SceneDelegate.swift in Sources */ = {isa = PBXBuildFile; fileRef = D184887929185EBD00ADDF96 /* SceneDelegate.swift */; };
		D184887F29185EBD00ADDF96 /* Main.storyboard in Resources */ = {isa = PBXBuildFile; fileRef = D184887D29185EBD00ADDF96 /* Main.storyboard */; };
		D184888129185EBE00ADDF96 /* Assets.xcassets in Resources */ = {isa = PBXBuildFile; fileRef = D184888029185EBD00ADDF96 /* Assets.xcassets */; };
		D184888429185EBE00ADDF96 /* LaunchScreen.storyboard in Resources */ = {isa = PBXBuildFile; fileRef = D184888229185EBE00ADDF96 /* LaunchScreen.storyboard */; };
		D1CCCDE7291AD6DA008D9394 /* GoogleService-Info.plist in Resources */ = {isa = PBXBuildFile; fileRef = D1CCCDE6291AD6DA008D9394 /* GoogleService-Info.plist */; };
		D1CCCE3A291AEFED008D9394 /* FirebasePerformance in Frameworks */ = {isa = PBXBuildFile; productRef = D13E45FE291AC65A00CDA161 /* FirebasePerformance */; };
		D1CCCE3C291AFC35008D9394 /* VideoViewController.swift in Sources */ = {isa = PBXBuildFile; fileRef = D1CCCE3B291AFC35008D9394 /* VideoViewController.swift */; };
		D1D90D6F2918642E00FE5ECC /* MainTableViewCell.xib in Resources */ = {isa = PBXBuildFile; fileRef = D1D90D6D2918642E00FE5ECC /* MainTableViewCell.xib */; };
		D1D90D702918642E00FE5ECC /* MainTableViewCell.swift in Sources */ = {isa = PBXBuildFile; fileRef = D1D90D6E2918642E00FE5ECC /* MainTableViewCell.swift */; };
		D1D90D742918643400FE5ECC /* CollectionViewCell.swift in Sources */ = {isa = PBXBuildFile; fileRef = D1D90D722918643400FE5ECC /* CollectionViewCell.swift */; };
		D1D90D752918643400FE5ECC /* CollectionViewCell.xib in Resources */ = {isa = PBXBuildFile; fileRef = D1D90D732918643400FE5ECC /* CollectionViewCell.xib */; };
		D1D90D772918650600FE5ECC /* TableViewController.swift in Sources */ = {isa = PBXBuildFile; fileRef = D1D90D762918650600FE5ECC /* TableViewController.swift */; };
		D1D90D792918654D00FE5ECC /* Constants.swift in Sources */ = {isa = PBXBuildFile; fileRef = D1D90D782918654D00FE5ECC /* Constants.swift */; };
		D1D90D7D2918663600FE5ECC /* CastModel.swift in Sources */ = {isa = PBXBuildFile; fileRef = D1D90D7C2918663600FE5ECC /* CastModel.swift */; };
		D1D90D7F2918664700FE5ECC /* MovieModel.swift in Sources */ = {isa = PBXBuildFile; fileRef = D1D90D7E2918664700FE5ECC /* MovieModel.swift */; };
		D1D90D812918667000FE5ECC /* MovieManager.swift in Sources */ = {isa = PBXBuildFile; fileRef = D1D90D802918667000FE5ECC /* MovieManager.swift */; };
		D1D90D83291866B900FE5ECC /* SearchViewController.swift in Sources */ = {isa = PBXBuildFile; fileRef = D1D90D82291866B900FE5ECC /* SearchViewController.swift */; };
		D1D90D892918670400FE5ECC /* InfoMovieModel.swift in Sources */ = {isa = PBXBuildFile; fileRef = D1D90D852918670400FE5ECC /* InfoMovieModel.swift */; };
		D1D90D8A2918670400FE5ECC /* MovieData.swift in Sources */ = {isa = PBXBuildFile; fileRef = D1D90D862918670400FE5ECC /* MovieData.swift */; };
		D1D90D8B2918670400FE5ECC /* InfoMovieData.swift in Sources */ = {isa = PBXBuildFile; fileRef = D1D90D872918670400FE5ECC /* InfoMovieData.swift */; };
		D1D90D8C2918670400FE5ECC /* InfoMovieManager.swift in Sources */ = {isa = PBXBuildFile; fileRef = D1D90D882918670400FE5ECC /* InfoMovieManager.swift */; };
		D1D90D8F2918677200FE5ECC /* InfoViewController.swift in Sources */ = {isa = PBXBuildFile; fileRef = D1D90D8E2918677200FE5ECC /* InfoViewController.swift */; };
		D1D90D91291867B000FE5ECC /* Extensions.swift in Sources */ = {isa = PBXBuildFile; fileRef = D1D90D90291867B000FE5ECC /* Extensions.swift */; };
		D1E910B829189158007D2493 /* Assets.xcassets in Resources */ = {isa = PBXBuildFile; fileRef = D1E910B729189158007D2493 /* Assets.xcassets */; };
/* End PBXBuildFile section */

/* Begin PBXContainerItemProxy section */
		D1769973291883C400A0327A /* PBXContainerItemProxy */ = {
			isa = PBXContainerItemProxy;
			containerPortal = D184886C29185EBD00ADDF96 /* Project object */;
			proxyType = 1;
			remoteGlobalIDString = D184887329185EBD00ADDF96;
			remoteInfo = WhatMovieToWatchZ;
		};
/* End PBXContainerItemProxy section */

/* Begin PBXFileReference section */
		D17699682918720A00A0327A /* Cairo-VariableFont_wght.ttf */ = {isa = PBXFileReference; lastKnownFileType = file; path = "Cairo-VariableFont_wght.ttf"; sourceTree = "<group>"; };
		D176996F291883C400A0327A /* WhatMovieToWatchZTests.xctest */ = {isa = PBXFileReference; explicitFileType = wrapper.cfbundle; includeInIndex = 0; path = WhatMovieToWatchZTests.xctest; sourceTree = BUILT_PRODUCTS_DIR; };
		D1769971291883C400A0327A /* MovieManagerTests.swift */ = {isa = PBXFileReference; lastKnownFileType = sourcecode.swift; path = MovieManagerTests.swift; sourceTree = "<group>"; };
		D1769978291883E600A0327A /* movies.json */ = {isa = PBXFileReference; fileEncoding = 4; lastKnownFileType = text.json; path = movies.json; sourceTree = "<group>"; };
		D176997A291883EA00A0327A /* FakeResponseData.swift */ = {isa = PBXFileReference; fileEncoding = 4; lastKnownFileType = sourcecode.swift; path = FakeResponseData.swift; sourceTree = "<group>"; };
		D176997C291883ED00A0327A /* URLSessionFake.swift */ = {isa = PBXFileReference; fileEncoding = 4; lastKnownFileType = sourcecode.swift; path = URLSessionFake.swift; sourceTree = "<group>"; };
		D176997E2918872800A0327A /* GoogleService-Info.plist */ = {isa = PBXFileReference; fileEncoding = 4; lastKnownFileType = text.plist.xml; path = "GoogleService-Info.plist"; sourceTree = "<group>"; };
		D184887429185EBD00ADDF96 /* WhatMovieToWatchZ.app */ = {isa = PBXFileReference; explicitFileType = wrapper.application; includeInIndex = 0; path = WhatMovieToWatchZ.app; sourceTree = BUILT_PRODUCTS_DIR; };
		D184887729185EBD00ADDF96 /* AppDelegate.swift */ = {isa = PBXFileReference; lastKnownFileType = sourcecode.swift; path = AppDelegate.swift; sourceTree = "<group>"; };
		D184887929185EBD00ADDF96 /* SceneDelegate.swift */ = {isa = PBXFileReference; lastKnownFileType = sourcecode.swift; path = SceneDelegate.swift; sourceTree = "<group>"; };
		D184887E29185EBD00ADDF96 /* Base */ = {isa = PBXFileReference; lastKnownFileType = file.storyboard; name = Base; path = Base.lproj/Main.storyboard; sourceTree = "<group>"; };
		D184888029185EBD00ADDF96 /* Assets.xcassets */ = {isa = PBXFileReference; lastKnownFileType = folder.assetcatalog; path = Assets.xcassets; sourceTree = "<group>"; };
		D184888329185EBE00ADDF96 /* Base */ = {isa = PBXFileReference; lastKnownFileType = file.storyboard; name = Base; path = Base.lproj/LaunchScreen.storyboard; sourceTree = "<group>"; };
		D184888529185EBE00ADDF96 /* Info.plist */ = {isa = PBXFileReference; lastKnownFileType = text.plist.xml; path = Info.plist; sourceTree = "<group>"; };
		D1CCCDE6291AD6DA008D9394 /* GoogleService-Info.plist */ = {isa = PBXFileReference; fileEncoding = 4; lastKnownFileType = text.plist.xml; path = "GoogleService-Info.plist"; sourceTree = "<group>"; };
		D1CCCE3B291AFC35008D9394 /* VideoViewController.swift */ = {isa = PBXFileReference; lastKnownFileType = sourcecode.swift; path = VideoViewController.swift; sourceTree = "<group>"; };
		D1D90D6D2918642E00FE5ECC /* MainTableViewCell.xib */ = {isa = PBXFileReference; fileEncoding = 4; lastKnownFileType = file.xib; path = MainTableViewCell.xib; sourceTree = "<group>"; };
		D1D90D6E2918642E00FE5ECC /* MainTableViewCell.swift */ = {isa = PBXFileReference; fileEncoding = 4; lastKnownFileType = sourcecode.swift; path = MainTableViewCell.swift; sourceTree = "<group>"; };
		D1D90D722918643400FE5ECC /* CollectionViewCell.swift */ = {isa = PBXFileReference; fileEncoding = 4; lastKnownFileType = sourcecode.swift; path = CollectionViewCell.swift; sourceTree = "<group>"; };
		D1D90D732918643400FE5ECC /* CollectionViewCell.xib */ = {isa = PBXFileReference; fileEncoding = 4; lastKnownFileType = file.xib; path = CollectionViewCell.xib; sourceTree = "<group>"; };
		D1D90D762918650600FE5ECC /* TableViewController.swift */ = {isa = PBXFileReference; fileEncoding = 4; lastKnownFileType = sourcecode.swift; path = TableViewController.swift; sourceTree = "<group>"; };
		D1D90D782918654D00FE5ECC /* Constants.swift */ = {isa = PBXFileReference; fileEncoding = 4; lastKnownFileType = sourcecode.swift; path = Constants.swift; sourceTree = "<group>"; };
		D1D90D7C2918663600FE5ECC /* CastModel.swift */ = {isa = PBXFileReference; fileEncoding = 4; lastKnownFileType = sourcecode.swift; path = CastModel.swift; sourceTree = "<group>"; };
		D1D90D7E2918664700FE5ECC /* MovieModel.swift */ = {isa = PBXFileReference; fileEncoding = 4; lastKnownFileType = sourcecode.swift; path = MovieModel.swift; sourceTree = "<group>"; };
		D1D90D802918667000FE5ECC /* MovieManager.swift */ = {isa = PBXFileReference; fileEncoding = 4; lastKnownFileType = sourcecode.swift; path = MovieManager.swift; sourceTree = "<group>"; };
		D1D90D82291866B900FE5ECC /* SearchViewController.swift */ = {isa = PBXFileReference; fileEncoding = 4; lastKnownFileType = sourcecode.swift; path = SearchViewController.swift; sourceTree = "<group>"; };
		D1D90D852918670400FE5ECC /* InfoMovieModel.swift */ = {isa = PBXFileReference; fileEncoding = 4; lastKnownFileType = sourcecode.swift; path = InfoMovieModel.swift; sourceTree = "<group>"; };
		D1D90D862918670400FE5ECC /* MovieData.swift */ = {isa = PBXFileReference; fileEncoding = 4; lastKnownFileType = sourcecode.swift; name = MovieData.swift; path = Info/MovieData.swift; sourceTree = "<group>"; };
		D1D90D872918670400FE5ECC /* InfoMovieData.swift */ = {isa = PBXFileReference; fileEncoding = 4; lastKnownFileType = sourcecode.swift; path = InfoMovieData.swift; sourceTree = "<group>"; };
		D1D90D882918670400FE5ECC /* InfoMovieManager.swift */ = {isa = PBXFileReference; fileEncoding = 4; lastKnownFileType = sourcecode.swift; path = InfoMovieManager.swift; sourceTree = "<group>"; };
		D1D90D8E2918677200FE5ECC /* InfoViewController.swift */ = {isa = PBXFileReference; fileEncoding = 4; lastKnownFileType = sourcecode.swift; path = InfoViewController.swift; sourceTree = "<group>"; };
		D1D90D90291867B000FE5ECC /* Extensions.swift */ = {isa = PBXFileReference; fileEncoding = 4; lastKnownFileType = sourcecode.swift; path = Extensions.swift; sourceTree = "<group>"; };
		D1E910B729189158007D2493 /* Assets.xcassets */ = {isa = PBXFileReference; lastKnownFileType = folder.assetcatalog; path = Assets.xcassets; sourceTree = "<group>"; };
/* End PBXFileReference section */

/* Begin PBXFrameworksBuildPhase section */
		D184887129185EBD00ADDF96 /* Frameworks */ = {
			isa = PBXFrameworksBuildPhase;
			buildActionMask = 2147483647;
			files = (
				D13E4601291AC6FB00CDA161 /* FirebasePerformance in Frameworks */,
				D12C27AC291AFFE800D47CB2 /* YouTubeiOSPlayerHelper in Frameworks */,
			);
			runOnlyForDeploymentPostprocessing = 0;
		};
		D1CCCE39291AEFA9008D9394 /* Frameworks */ = {
			isa = PBXFrameworksBuildPhase;
			buildActionMask = 2147483647;
			files = (
				D1CCCE3A291AEFED008D9394 /* FirebasePerformance in Frameworks */,
			);
			runOnlyForDeploymentPostprocessing = 0;
		};
/* End PBXFrameworksBuildPhase section */

/* Begin PBXGroup section */
		D1769970291883C400A0327A /* WhatMovieToWatchZTests */ = {
			isa = PBXGroup;
			children = (
				D1769971291883C400A0327A /* MovieManagerTests.swift */,
				D1769978291883E600A0327A /* movies.json */,
				D1CCCDE6291AD6DA008D9394 /* GoogleService-Info.plist */,
				D176997A291883EA00A0327A /* FakeResponseData.swift */,
				D176997C291883ED00A0327A /* URLSessionFake.swift */,
			);
			path = WhatMovieToWatchZTests;
			sourceTree = "<group>";
		};
		D184886B29185EBD00ADDF96 = {
			isa = PBXGroup;
			children = (
				D184887629185EBD00ADDF96 /* WhatMovieToWatchZ */,
				D1769970291883C400A0327A /* WhatMovieToWatchZTests */,
				D184887529185EBD00ADDF96 /* Products */,
				D1AEC7AD2918D57D00A161EB /* Frameworks */,
			);
			sourceTree = "<group>";
		};
		D184887529185EBD00ADDF96 /* Products */ = {
			isa = PBXGroup;
			children = (
				D184887429185EBD00ADDF96 /* WhatMovieToWatchZ.app */,
				D176996F291883C400A0327A /* WhatMovieToWatchZTests.xctest */,
			);
			name = Products;
			sourceTree = "<group>";
		};
		D184887629185EBD00ADDF96 /* WhatMovieToWatchZ */ = {
			isa = PBXGroup;
			children = (
				D176997E2918872800A0327A /* GoogleService-Info.plist */,
				D184887729185EBD00ADDF96 /* AppDelegate.swift */,
				D184887929185EBD00ADDF96 /* SceneDelegate.swift */,
				D1E910B729189158007D2493 /* Assets.xcassets */,
				D184888529185EBE00ADDF96 /* Info.plist */,
				D1D90D8D2918673D00FE5ECC /* Supporting Files */,
				D1D90D692918630600FE5ECC /* Models */,
				D1D90D6A2918631000FE5ECC /* Views */,
				D1D90D6B2918632100FE5ECC /* Controllers */,
			);
			path = WhatMovieToWatchZ;
			sourceTree = "<group>";
		};
		D1AEC7AD2918D57D00A161EB /* Frameworks */ = {
			isa = PBXGroup;
			children = (
			);
			name = Frameworks;
			sourceTree = "<group>";
		};
		D1D90D692918630600FE5ECC /* Models */ = {
			isa = PBXGroup;
			children = (
				D1D90D842918670400FE5ECC /* Info */,
				D1D90D7C2918663600FE5ECC /* CastModel.swift */,
				D1D90D862918670400FE5ECC /* MovieData.swift */,
				D1D90D802918667000FE5ECC /* MovieManager.swift */,
				D1D90D7E2918664700FE5ECC /* MovieModel.swift */,
			);
			path = Models;
			sourceTree = "<group>";
		};
		D1D90D6A2918631000FE5ECC /* Views */ = {
			isa = PBXGroup;
			children = (
				D184888229185EBE00ADDF96 /* LaunchScreen.storyboard */,
				D184887D29185EBD00ADDF96 /* Main.storyboard */,
				D1D90D712918643400FE5ECC /* InfoCell */,
				D1D90D6C2918642E00FE5ECC /* MainCell */,
			);
			path = Views;
			sourceTree = "<group>";
		};
		D1D90D6B2918632100FE5ECC /* Controllers */ = {
			isa = PBXGroup;
			children = (
				D1D90D82291866B900FE5ECC /* SearchViewController.swift */,
				D1D90D762918650600FE5ECC /* TableViewController.swift */,
				D1D90D8E2918677200FE5ECC /* InfoViewController.swift */,
				D1CCCE3B291AFC35008D9394 /* VideoViewController.swift */,
			);
			path = Controllers;
			sourceTree = "<group>";
		};
		D1D90D6C2918642E00FE5ECC /* MainCell */ = {
			isa = PBXGroup;
			children = (
				D1D90D6D2918642E00FE5ECC /* MainTableViewCell.xib */,
				D1D90D6E2918642E00FE5ECC /* MainTableViewCell.swift */,
			);
			path = MainCell;
			sourceTree = "<group>";
		};
		D1D90D712918643400FE5ECC /* InfoCell */ = {
			isa = PBXGroup;
			children = (
				D1D90D722918643400FE5ECC /* CollectionViewCell.swift */,
				D1D90D732918643400FE5ECC /* CollectionViewCell.xib */,
			);
			path = InfoCell;
			sourceTree = "<group>";
		};
		D1D90D842918670400FE5ECC /* Info */ = {
			isa = PBXGroup;
			children = (
				D1D90D852918670400FE5ECC /* InfoMovieModel.swift */,
				D1D90D872918670400FE5ECC /* InfoMovieData.swift */,
				D1D90D882918670400FE5ECC /* InfoMovieManager.swift */,
			);
			path = Info;
			sourceTree = "<group>";
		};
		D1D90D8D2918673D00FE5ECC /* Supporting Files */ = {
			isa = PBXGroup;
			children = (
				D17699682918720A00A0327A /* Cairo-VariableFont_wght.ttf */,
				D1D90D90291867B000FE5ECC /* Extensions.swift */,
				D1D90D782918654D00FE5ECC /* Constants.swift */,
				D184888029185EBD00ADDF96 /* Assets.xcassets */,
			);
			path = "Supporting Files";
			sourceTree = "<group>";
		};
/* End PBXGroup section */

/* Begin PBXNativeTarget section */
		D176996E291883C400A0327A /* WhatMovieToWatchZTests */ = {
			isa = PBXNativeTarget;
			buildConfigurationList = D1769975291883C400A0327A /* Build configuration list for PBXNativeTarget "WhatMovieToWatchZTests" */;
			buildPhases = (
				D176996B291883C400A0327A /* Sources */,
				D176996D291883C400A0327A /* Resources */,
				D1CCCE39291AEFA9008D9394 /* Frameworks */,
			);
			buildRules = (
			);
			dependencies = (
				D1769974291883C400A0327A /* PBXTargetDependency */,
			);
			name = WhatMovieToWatchZTests;
			packageProductDependencies = (
				D13E45FE291AC65A00CDA161 /* FirebasePerformance */,
			);
			productName = WhatMovieToWatchZTests;
			productReference = D176996F291883C400A0327A /* WhatMovieToWatchZTests.xctest */;
			productType = "com.apple.product-type.bundle.unit-test";
		};
		D184887329185EBD00ADDF96 /* WhatMovieToWatchZ */ = {
			isa = PBXNativeTarget;
			buildConfigurationList = D184888829185EBE00ADDF96 /* Build configuration list for PBXNativeTarget "WhatMovieToWatchZ" */;
			buildPhases = (
				D184887029185EBD00ADDF96 /* Sources */,
				D184887129185EBD00ADDF96 /* Frameworks */,
				D184887229185EBD00ADDF96 /* Resources */,
				D1AEC7B02918DBB400A161EB /* ShellScript */,
			);
			buildRules = (
			);
			dependencies = (
			);
			name = WhatMovieToWatchZ;
			packageProductDependencies = (
				D13E4600291AC6FB00CDA161 /* FirebasePerformance */,
				D12C27AB291AFFE800D47CB2 /* YouTubeiOSPlayerHelper */,
			);
			productName = WhatMovieToWatchZ;
			productReference = D184887429185EBD00ADDF96 /* WhatMovieToWatchZ.app */;
			productType = "com.apple.product-type.application";
		};
/* End PBXNativeTarget section */

/* Begin PBXProject section */
		D184886C29185EBD00ADDF96 /* Project object */ = {
			isa = PBXProject;
			attributes = {
				BuildIndependentTargetsInParallel = 1;
				LastSwiftUpdateCheck = 1410;
				LastUpgradeCheck = 1410;
				TargetAttributes = {
					D176996E291883C400A0327A = {
						CreatedOnToolsVersion = 14.1;
						TestTargetID = D184887329185EBD00ADDF96;
					};
					D184887329185EBD00ADDF96 = {
						CreatedOnToolsVersion = 14.1;
					};
				};
			};
			buildConfigurationList = D184886F29185EBD00ADDF96 /* Build configuration list for PBXProject "WhatMovieToWatchZ" */;
			compatibilityVersion = "Xcode 14.0";
			developmentRegion = en;
			hasScannedForEncodings = 0;
			knownRegions = (
				en,
				Base,
			);
			mainGroup = D184886B29185EBD00ADDF96;
			packageReferences = (
				D13E45FD291AC65A00CDA161 /* XCRemoteSwiftPackageReference "firebase-ios-sdk" */,
				D12C27AA291AFFE800D47CB2 /* XCRemoteSwiftPackageReference "youtube-ios-player-helper" */,
			);
			productRefGroup = D184887529185EBD00ADDF96 /* Products */;
			projectDirPath = "";
			projectRoot = "";
			targets = (
				D184887329185EBD00ADDF96 /* WhatMovieToWatchZ */,
				D176996E291883C400A0327A /* WhatMovieToWatchZTests */,
			);
		};
/* End PBXProject section */

/* Begin PBXResourcesBuildPhase section */
		D176996D291883C400A0327A /* Resources */ = {
			isa = PBXResourcesBuildPhase;
			buildActionMask = 2147483647;
			files = (
				D1CCCDE7291AD6DA008D9394 /* GoogleService-Info.plist in Resources */,
				D1769979291883E600A0327A /* movies.json in Resources */,
			);
			runOnlyForDeploymentPostprocessing = 0;
		};
		D184887229185EBD00ADDF96 /* Resources */ = {
			isa = PBXResourcesBuildPhase;
			buildActionMask = 2147483647;
			files = (
				D176997F2918872800A0327A /* GoogleService-Info.plist in Resources */,
				D184888429185EBE00ADDF96 /* LaunchScreen.storyboard in Resources */,
				D184888129185EBE00ADDF96 /* Assets.xcassets in Resources */,
				D17699692918720A00A0327A /* Cairo-VariableFont_wght.ttf in Resources */,
				D1D90D6F2918642E00FE5ECC /* MainTableViewCell.xib in Resources */,
				D184887F29185EBD00ADDF96 /* Main.storyboard in Resources */,
				D1E910B829189158007D2493 /* Assets.xcassets in Resources */,
				D1D90D752918643400FE5ECC /* CollectionViewCell.xib in Resources */,
			);
			runOnlyForDeploymentPostprocessing = 0;
		};
/* End PBXResourcesBuildPhase section */

/* Begin PBXShellScriptBuildPhase section */
		D1AEC7B02918DBB400A161EB /* ShellScript */ = {
			isa = PBXShellScriptBuildPhase;
			alwaysOutOfDate = 1;
			buildActionMask = 2147483647;
			files = (
			);
			inputFileListPaths = (
			);
			inputPaths = (
			);
			outputFileListPaths = (
			);
			outputPaths = (
			);
			runOnlyForDeploymentPostprocessing = 0;
			shellPath = /bin/sh;
			shellScript = "export PATH=\"$PATH:/opt/homebrew/bin\"\nif which swiftlint > /dev/null; then\n  swiftlint\nelse\n  echo \"warning: SwiftLint not installed, download from https://github.com/realm/SwiftLint\"\nfi\n";
		};
/* End PBXShellScriptBuildPhase section */

/* Begin PBXSourcesBuildPhase section */
		D176996B291883C400A0327A /* Sources */ = {
			isa = PBXSourcesBuildPhase;
			buildActionMask = 2147483647;
			files = (
				D1769972291883C400A0327A /* MovieManagerTests.swift in Sources */,
				D176997D291883ED00A0327A /* URLSessionFake.swift in Sources */,
				D176997B291883EA00A0327A /* FakeResponseData.swift in Sources */,
			);
			runOnlyForDeploymentPostprocessing = 0;
		};
		D184887029185EBD00ADDF96 /* Sources */ = {
			isa = PBXSourcesBuildPhase;
			buildActionMask = 2147483647;
			files = (
				D1D90D7F2918664700FE5ECC /* MovieModel.swift in Sources */,
				D1D90D83291866B900FE5ECC /* SearchViewController.swift in Sources */,
				D1D90D8B2918670400FE5ECC /* InfoMovieData.swift in Sources */,
				D1D90D812918667000FE5ECC /* MovieManager.swift in Sources */,
				D1D90D742918643400FE5ECC /* CollectionViewCell.swift in Sources */,
				D184887829185EBD00ADDF96 /* AppDelegate.swift in Sources */,
				D1D90D8A2918670400FE5ECC /* MovieData.swift in Sources */,
				D1D90D702918642E00FE5ECC /* MainTableViewCell.swift in Sources */,
				D1CCCE3C291AFC35008D9394 /* VideoViewController.swift in Sources */,
				D1D90D8C2918670400FE5ECC /* InfoMovieManager.swift in Sources */,
				D1D90D772918650600FE5ECC /* TableViewController.swift in Sources */,
				D1D90D892918670400FE5ECC /* InfoMovieModel.swift in Sources */,
				D184887A29185EBD00ADDF96 /* SceneDelegate.swift in Sources */,
				D1D90D7D2918663600FE5ECC /* CastModel.swift in Sources */,
				D1D90D91291867B000FE5ECC /* Extensions.swift in Sources */,
				D1D90D8F2918677200FE5ECC /* InfoViewController.swift in Sources */,
				D1D90D792918654D00FE5ECC /* Constants.swift in Sources */,
			);
			runOnlyForDeploymentPostprocessing = 0;
		};
/* End PBXSourcesBuildPhase section */

/* Begin PBXTargetDependency section */
		D1769974291883C400A0327A /* PBXTargetDependency */ = {
			isa = PBXTargetDependency;
			target = D184887329185EBD00ADDF96 /* WhatMovieToWatchZ */;
			targetProxy = D1769973291883C400A0327A /* PBXContainerItemProxy */;
		};
/* End PBXTargetDependency section */

/* Begin PBXVariantGroup section */
		D184887D29185EBD00ADDF96 /* Main.storyboard */ = {
			isa = PBXVariantGroup;
			children = (
				D184887E29185EBD00ADDF96 /* Base */,
			);
			name = Main.storyboard;
			sourceTree = "<group>";
		};
		D184888229185EBE00ADDF96 /* LaunchScreen.storyboard */ = {
			isa = PBXVariantGroup;
			children = (
				D184888329185EBE00ADDF96 /* Base */,
			);
			name = LaunchScreen.storyboard;
			sourceTree = "<group>";
		};
/* End PBXVariantGroup section */

/* Begin XCBuildConfiguration section */
		D1769976291883C400A0327A /* Debug */ = {
			isa = XCBuildConfiguration;
			buildSettings = {
				BUNDLE_LOADER = "$(TEST_HOST)";
				CODE_SIGN_STYLE = Automatic;
				CURRENT_PROJECT_VERSION = 1;
				DEVELOPMENT_TEAM = 69N585LAQZ;
				GENERATE_INFOPLIST_FILE = YES;
				HEADER_SEARCH_PATHS = (
					HEADER_SEARCH_PATHS,
					"=",
					"\"${SRCROOT}/Pods/Firebase/CoreOnly/Sources\"",
				);
				MARKETING_VERSION = 1.0;
				PRODUCT_BUNDLE_IDENTIFIER = "com.sofyan-dev.WhatMovieToWatchZTests";
				PRODUCT_NAME = "$(TARGET_NAME)";
				SWIFT_EMIT_LOC_STRINGS = NO;
				SWIFT_VERSION = 5.0;
				TARGETED_DEVICE_FAMILY = "1,2";
				TEST_HOST = "$(BUILT_PRODUCTS_DIR)/WhatMovieToWatchZ.app/$(BUNDLE_EXECUTABLE_FOLDER_PATH)/WhatMovieToWatchZ";
			};
			name = Debug;
		};
		D1769977291883C400A0327A /* Release */ = {
			isa = XCBuildConfiguration;
			buildSettings = {
				BUNDLE_LOADER = "$(TEST_HOST)";
				CODE_SIGN_STYLE = Automatic;
				CURRENT_PROJECT_VERSION = 1;
				DEVELOPMENT_TEAM = 69N585LAQZ;
				GENERATE_INFOPLIST_FILE = YES;
				HEADER_SEARCH_PATHS = (
					HEADER_SEARCH_PATHS,
					"=",
					"\"${SRCROOT}/Pods/Firebase/CoreOnly/Sources\"",
				);
				MARKETING_VERSION = 1.0;
				PRODUCT_BUNDLE_IDENTIFIER = "com.sofyan-dev.WhatMovieToWatchZTests";
				PRODUCT_NAME = "$(TARGET_NAME)";
				SWIFT_EMIT_LOC_STRINGS = NO;
				SWIFT_VERSION = 5.0;
				TARGETED_DEVICE_FAMILY = "1,2";
				TEST_HOST = "$(BUILT_PRODUCTS_DIR)/WhatMovieToWatchZ.app/$(BUNDLE_EXECUTABLE_FOLDER_PATH)/WhatMovieToWatchZ";
			};
			name = Release;
		};
		D184888629185EBE00ADDF96 /* Debug */ = {
			isa = XCBuildConfiguration;
			buildSettings = {
				ALWAYS_SEARCH_USER_PATHS = NO;
				CLANG_ANALYZER_NONNULL = YES;
				CLANG_ANALYZER_NUMBER_OBJECT_CONVERSION = YES_AGGRESSIVE;
				CLANG_CXX_LANGUAGE_STANDARD = "gnu++20";
				CLANG_ENABLE_MODULES = YES;
				CLANG_ENABLE_OBJC_ARC = YES;
				CLANG_ENABLE_OBJC_WEAK = YES;
				CLANG_WARN_BLOCK_CAPTURE_AUTORELEASING = YES;
				CLANG_WARN_BOOL_CONVERSION = YES;
				CLANG_WARN_COMMA = YES;
				CLANG_WARN_CONSTANT_CONVERSION = YES;
				CLANG_WARN_DEPRECATED_OBJC_IMPLEMENTATIONS = YES;
				CLANG_WARN_DIRECT_OBJC_ISA_USAGE = YES_ERROR;
				CLANG_WARN_DOCUMENTATION_COMMENTS = YES;
				CLANG_WARN_EMPTY_BODY = YES;
				CLANG_WARN_ENUM_CONVERSION = YES;
				CLANG_WARN_INFINITE_RECURSION = YES;
				CLANG_WARN_INT_CONVERSION = YES;
				CLANG_WARN_NON_LITERAL_NULL_CONVERSION = YES;
				CLANG_WARN_OBJC_IMPLICIT_RETAIN_SELF = YES;
				CLANG_WARN_OBJC_LITERAL_CONVERSION = YES;
				CLANG_WARN_OBJC_ROOT_CLASS = YES_ERROR;
				CLANG_WARN_QUOTED_INCLUDE_IN_FRAMEWORK_HEADER = YES;
				CLANG_WARN_RANGE_LOOP_ANALYSIS = YES;
				CLANG_WARN_STRICT_PROTOTYPES = YES;
				CLANG_WARN_SUSPICIOUS_MOVE = YES;
				CLANG_WARN_UNGUARDED_AVAILABILITY = YES_AGGRESSIVE;
				CLANG_WARN_UNREACHABLE_CODE = YES;
				CLANG_WARN__DUPLICATE_METHOD_MATCH = YES;
				COPY_PHASE_STRIP = NO;
				DEBUG_INFORMATION_FORMAT = dwarf;
				ENABLE_STRICT_OBJC_MSGSEND = YES;
				ENABLE_TESTABILITY = YES;
				GCC_C_LANGUAGE_STANDARD = gnu11;
				GCC_DYNAMIC_NO_PIC = NO;
				GCC_NO_COMMON_BLOCKS = YES;
				GCC_OPTIMIZATION_LEVEL = 0;
				GCC_PREPROCESSOR_DEFINITIONS = (
					"DEBUG=1",
					"$(inherited)",
				);
				GCC_WARN_64_TO_32_BIT_CONVERSION = YES;
				GCC_WARN_ABOUT_RETURN_TYPE = YES_ERROR;
				GCC_WARN_UNDECLARED_SELECTOR = YES;
				GCC_WARN_UNINITIALIZED_AUTOS = YES_AGGRESSIVE;
				GCC_WARN_UNUSED_FUNCTION = YES;
				GCC_WARN_UNUSED_VARIABLE = YES;
				IPHONEOS_DEPLOYMENT_TARGET = 16.1;
				MTL_ENABLE_DEBUG_INFO = INCLUDE_SOURCE;
				MTL_FAST_MATH = YES;
				ONLY_ACTIVE_ARCH = YES;
				SDKROOT = iphoneos;
				SWIFT_ACTIVE_COMPILATION_CONDITIONS = DEBUG;
				SWIFT_OPTIMIZATION_LEVEL = "-Onone";
			};
			name = Debug;
		};
		D184888729185EBE00ADDF96 /* Release */ = {
			isa = XCBuildConfiguration;
			buildSettings = {
				ALWAYS_SEARCH_USER_PATHS = NO;
				CLANG_ANALYZER_NONNULL = YES;
				CLANG_ANALYZER_NUMBER_OBJECT_CONVERSION = YES_AGGRESSIVE;
				CLANG_CXX_LANGUAGE_STANDARD = "gnu++20";
				CLANG_ENABLE_MODULES = YES;
				CLANG_ENABLE_OBJC_ARC = YES;
				CLANG_ENABLE_OBJC_WEAK = YES;
				CLANG_WARN_BLOCK_CAPTURE_AUTORELEASING = YES;
				CLANG_WARN_BOOL_CONVERSION = YES;
				CLANG_WARN_COMMA = YES;
				CLANG_WARN_CONSTANT_CONVERSION = YES;
				CLANG_WARN_DEPRECATED_OBJC_IMPLEMENTATIONS = YES;
				CLANG_WARN_DIRECT_OBJC_ISA_USAGE = YES_ERROR;
				CLANG_WARN_DOCUMENTATION_COMMENTS = YES;
				CLANG_WARN_EMPTY_BODY = YES;
				CLANG_WARN_ENUM_CONVERSION = YES;
				CLANG_WARN_INFINITE_RECURSION = YES;
				CLANG_WARN_INT_CONVERSION = YES;
				CLANG_WARN_NON_LITERAL_NULL_CONVERSION = YES;
				CLANG_WARN_OBJC_IMPLICIT_RETAIN_SELF = YES;
				CLANG_WARN_OBJC_LITERAL_CONVERSION = YES;
				CLANG_WARN_OBJC_ROOT_CLASS = YES_ERROR;
				CLANG_WARN_QUOTED_INCLUDE_IN_FRAMEWORK_HEADER = YES;
				CLANG_WARN_RANGE_LOOP_ANALYSIS = YES;
				CLANG_WARN_STRICT_PROTOTYPES = YES;
				CLANG_WARN_SUSPICIOUS_MOVE = YES;
				CLANG_WARN_UNGUARDED_AVAILABILITY = YES_AGGRESSIVE;
				CLANG_WARN_UNREACHABLE_CODE = YES;
				CLANG_WARN__DUPLICATE_METHOD_MATCH = YES;
				COPY_PHASE_STRIP = NO;
				DEBUG_INFORMATION_FORMAT = "dwarf-with-dsym";
				ENABLE_NS_ASSERTIONS = NO;
				ENABLE_STRICT_OBJC_MSGSEND = YES;
				GCC_C_LANGUAGE_STANDARD = gnu11;
				GCC_NO_COMMON_BLOCKS = YES;
				GCC_WARN_64_TO_32_BIT_CONVERSION = YES;
				GCC_WARN_ABOUT_RETURN_TYPE = YES_ERROR;
				GCC_WARN_UNDECLARED_SELECTOR = YES;
				GCC_WARN_UNINITIALIZED_AUTOS = YES_AGGRESSIVE;
				GCC_WARN_UNUSED_FUNCTION = YES;
				GCC_WARN_UNUSED_VARIABLE = YES;
				IPHONEOS_DEPLOYMENT_TARGET = 16.1;
				MTL_ENABLE_DEBUG_INFO = NO;
				MTL_FAST_MATH = YES;
				SDKROOT = iphoneos;
				SWIFT_COMPILATION_MODE = wholemodule;
				SWIFT_OPTIMIZATION_LEVEL = "-O";
				VALIDATE_PRODUCT = YES;
			};
			name = Release;
		};
		D184888929185EBE00ADDF96 /* Debug */ = {
			isa = XCBuildConfiguration;
			buildSettings = {
				ASSETCATALOG_COMPILER_APPICON_NAME = AppIcon;
				ASSETCATALOG_COMPILER_GLOBAL_ACCENT_COLOR_NAME = AccentColor;
				ASSETCATALOG_COMPILER_INCLUDE_ALL_APPICON_ASSETS = YES;
				CODE_SIGN_STYLE = Automatic;
				CURRENT_PROJECT_VERSION = 1;
				DEVELOPMENT_TEAM = 69N585LAQZ;
				GENERATE_INFOPLIST_FILE = YES;
				INFOPLIST_FILE = WhatMovieToWatchZ/Info.plist;
				INFOPLIST_KEY_LSApplicationCategoryType = "public.app-category.utilities";
				INFOPLIST_KEY_UIApplicationSupportsIndirectInputEvents = YES;
				INFOPLIST_KEY_UILaunchStoryboardName = LaunchScreen;
				INFOPLIST_KEY_UIMainStoryboardFile = Main;
				INFOPLIST_KEY_UISupportedInterfaceOrientations = "UIInterfaceOrientationLandscapeLeft UIInterfaceOrientationLandscapeRight UIInterfaceOrientationPortrait";
				INFOPLIST_KEY_UISupportedInterfaceOrientations_iPad = UIInterfaceOrientationPortrait;
				LD_RUNPATH_SEARCH_PATHS = (
					"$(inherited)",
					"@executable_path/Frameworks",
				);
				MARKETING_VERSION = 1.0;
				PRODUCT_BUNDLE_IDENTIFIER = "com.sofyan-dev.WhatMovieToWatchZ";
				PRODUCT_NAME = "$(TARGET_NAME)";
				SUPPORTED_PLATFORMS = "iphoneos iphonesimulator";
				SUPPORTS_MACCATALYST = NO;
				SUPPORTS_MAC_DESIGNED_FOR_IPHONE_IPAD = YES;
				SWIFT_EMIT_LOC_STRINGS = YES;
				SWIFT_VERSION = 5.0;
				TARGETED_DEVICE_FAMILY = 1;
			};
			name = Debug;
		};
		D184888A29185EBE00ADDF96 /* Release */ = {
			isa = XCBuildConfiguration;
			buildSettings = {
				ASSETCATALOG_COMPILER_APPICON_NAME = AppIcon;
				ASSETCATALOG_COMPILER_GLOBAL_ACCENT_COLOR_NAME = AccentColor;
				ASSETCATALOG_COMPILER_INCLUDE_ALL_APPICON_ASSETS = YES;
				CODE_SIGN_STYLE = Automatic;
				CURRENT_PROJECT_VERSION = 1;
				DEVELOPMENT_TEAM = 69N585LAQZ;
				GENERATE_INFOPLIST_FILE = YES;
				INFOPLIST_FILE = WhatMovieToWatchZ/Info.plist;
				INFOPLIST_KEY_LSApplicationCategoryType = "public.app-category.utilities";
				INFOPLIST_KEY_UIApplicationSupportsIndirectInputEvents = YES;
				INFOPLIST_KEY_UILaunchStoryboardName = LaunchScreen;
				INFOPLIST_KEY_UIMainStoryboardFile = Main;
				INFOPLIST_KEY_UISupportedInterfaceOrientations = "UIInterfaceOrientationLandscapeLeft UIInterfaceOrientationLandscapeRight UIInterfaceOrientationPortrait";
				INFOPLIST_KEY_UISupportedInterfaceOrientations_iPad = UIInterfaceOrientationPortrait;
				LD_RUNPATH_SEARCH_PATHS = (
					"$(inherited)",
					"@executable_path/Frameworks",
				);
				MARKETING_VERSION = 1.0;
				PRODUCT_BUNDLE_IDENTIFIER = "com.sofyan-dev.WhatMovieToWatchZ";
				PRODUCT_NAME = "$(TARGET_NAME)";
				SUPPORTED_PLATFORMS = "iphoneos iphonesimulator";
				SUPPORTS_MACCATALYST = NO;
				SUPPORTS_MAC_DESIGNED_FOR_IPHONE_IPAD = YES;
				SWIFT_EMIT_LOC_STRINGS = YES;
				SWIFT_VERSION = 5.0;
				TARGETED_DEVICE_FAMILY = 1;
			};
			name = Release;
		};
/* End XCBuildConfiguration section */

/* Begin XCConfigurationList section */
		D1769975291883C400A0327A /* Build configuration list for PBXNativeTarget "WhatMovieToWatchZTests" */ = {
			isa = XCConfigurationList;
			buildConfigurations = (
				D1769976291883C400A0327A /* Debug */,
				D1769977291883C400A0327A /* Release */,
			);
			defaultConfigurationIsVisible = 0;
			defaultConfigurationName = Release;
		};
		D184886F29185EBD00ADDF96 /* Build configuration list for PBXProject "WhatMovieToWatchZ" */ = {
			isa = XCConfigurationList;
			buildConfigurations = (
				D184888629185EBE00ADDF96 /* Debug */,
				D184888729185EBE00ADDF96 /* Release */,
			);
			defaultConfigurationIsVisible = 0;
			defaultConfigurationName = Release;
		};
		D184888829185EBE00ADDF96 /* Build configuration list for PBXNativeTarget "WhatMovieToWatchZ" */ = {
			isa = XCConfigurationList;
			buildConfigurations = (
				D184888929185EBE00ADDF96 /* Debug */,
				D184888A29185EBE00ADDF96 /* Release */,
			);
			defaultConfigurationIsVisible = 0;
			defaultConfigurationName = Release;
		};
/* End XCConfigurationList section */

/* Begin XCRemoteSwiftPackageReference section */
		D12C27AA291AFFE800D47CB2 /* XCRemoteSwiftPackageReference "youtube-ios-player-helper" */ = {
			isa = XCRemoteSwiftPackageReference;
			repositoryURL = "https://github.com/youtube/youtube-ios-player-helper.git";
			requirement = {
				kind = versionRange;
				maximumVersion = 2.0.0;
				minimumVersion = 1.0.0;
			};
		};
		D13E45FD291AC65A00CDA161 /* XCRemoteSwiftPackageReference "firebase-ios-sdk" */ = {
			isa = XCRemoteSwiftPackageReference;
			repositoryURL = "https://github.com/firebase/firebase-ios-sdk";
			requirement = {
				kind = versionRange;
				maximumVersion = 10.0.0;
				minimumVersion = 9.0.0;
			};
		};
/* End XCRemoteSwiftPackageReference section */

/* Begin XCSwiftPackageProductDependency section */
		D12C27AB291AFFE800D47CB2 /* YouTubeiOSPlayerHelper */ = {
			isa = XCSwiftPackageProductDependency;
			package = D12C27AA291AFFE800D47CB2 /* XCRemoteSwiftPackageReference "youtube-ios-player-helper" */;
			productName = YouTubeiOSPlayerHelper;
		};
		D13E45FE291AC65A00CDA161 /* FirebasePerformance */ = {
			isa = XCSwiftPackageProductDependency;
			package = D13E45FD291AC65A00CDA161 /* XCRemoteSwiftPackageReference "firebase-ios-sdk" */;
			productName = FirebasePerformance;
		};
		D13E4600291AC6FB00CDA161 /* FirebasePerformance */ = {
			isa = XCSwiftPackageProductDependency;
			package = D13E45FD291AC65A00CDA161 /* XCRemoteSwiftPackageReference "firebase-ios-sdk" */;
			productName = FirebasePerformance;
		};
/* End XCSwiftPackageProductDependency section */
	};
	rootObject = D184886C29185EBD00ADDF96 /* Project object */;
}
